PODS:
  - GCDWebServer (3.3.4):
    - GCDWebServer/Core (= 3.3.4)
  - GCDWebServer/Core (3.3.4)
  - SBTUITestTunnel/Client (3.6.0)
  - SBTUITestTunnel/Server (3.6.0):
    - GCDWebServer (~> 3.0)

DEPENDENCIES:
  - GCDWebServer (from `https://github.com/tcamin/GCDWebServer.git`)
  - SBTUITestTunnel/Client (from `../`)
  - SBTUITestTunnel/Server (from `../`)

EXTERNAL SOURCES:
  GCDWebServer:
    :git: https://github.com/tcamin/GCDWebServer.git
  SBTUITestTunnel:
    :path: "../"

CHECKOUT OPTIONS:
  GCDWebServer:
    :commit: b6cfccde8fee64007632422096962687d5627e85
    :git: https://github.com/tcamin/GCDWebServer.git

SPEC CHECKSUMS:
  GCDWebServer: 0bd712acb4f246ce04d2ac321d33278fb1f72e63
  SBTUITestTunnel: 518a1494a74057de612ca540a042690082374d6f

PODFILE CHECKSUM: cbe68a2e74811497f9d73c37da751af1594c407b

COCOAPODS: 1.6.2
