PODS:
  - GCDWebServer (3.5.4):
    - GCDWebServer/Core (= 3.5.4)
  - GCDWebServer/Core (3.5.4)
  - SBTUITestTunnelClient (7.0.0):
    - SBTUITestTunnelCommon
  - SBTUITestTunnelCommon (7.0.0)
  - SBTUITestTunnelServer (7.0.0):
    - GCDWebServer
    - SBTUITestTunnelCommon

DEPENDENCIES:
  - GCDWebServer (from `https://github.com/Subito-it/GCDWebServer.git`)
  - SBTUITestTunnelClient (from `../`)
  - SBTUITestTunnelCommon (from `../`)
  - SBTUITestTunnelServer (from `../`)

EXTERNAL SOURCES:
  GCDWebServer:
    :git: https://github.com/Subito-it/GCDWebServer.git
  SBTUITestTunnelClient:
    :path: "../"
  SBTUITestTunnelCommon:
    :path: "../"
  SBTUITestTunnelServer:
    :path: "../"

CHECKOUT OPTIONS:
  GCDWebServer:
    :commit: 53a75d58ce45adee997340f25581bf54b46cfc20
    :git: https://github.com/Subito-it/GCDWebServer.git

SPEC CHECKSUMS:
  GCDWebServer: c68349164e523a7f7a2f514108b3b6c21d843f97
  SBTUITestTunnelClient: e5b52d855e4b9ee66bc47a4b5b105f24cfde69d6
  SBTUITestTunnelCommon: a380c108a67c4ee4dfc807a74f1a55b5ff96d91b
  SBTUITestTunnelServer: 14363f2ec4615775207d984908a6373fe3287d91

PODFILE CHECKSUM: c71e534d6038506f12663e6b2c3af65735695ddf

COCOAPODS: 1.10.1
