PODS:
  - GCDWebServer (3.5.4):
    - GCDWebServer/Core (= 3.5.4)
  - GCDWebServer/Core (3.5.4)
  - SBTUITestTunnelClient (6.6.4):
    - SBTUITestTunnelCommon
    - SBTUITestTunnelCommonSwift
  - SBTUITestTunnelCommon (6.6.4):
    - SBTUITestTunnelCommonSwift
  - SBTUITestTunnelCommonSwift (6.6.4)
  - SBTUITestTunnelServer (6.6.4):
    - GCDWebServer (~> 3.0)
    - SBTUITestTunnelCommon
    - SBTUITestTunnelCommonSwift

DEPENDENCIES:
  - GCDWebServer (from `https://github.com/Subito-it/GCDWebServer.git`)
  - SBTUITestTunnelClient (from `../`)
  - SBTUITestTunnelCommon (from `../`)
  - SBTUITestTunnelCommonSwift (from `../`)
  - SBTUITestTunnelServer (from `../`)

EXTERNAL SOURCES:
  GCDWebServer:
    :git: https://github.com/Subito-it/GCDWebServer.git
  SBTUITestTunnelClient:
    :path: "../"
  SBTUITestTunnelCommon:
    :path: "../"
  SBTUITestTunnelCommonSwift:
    :path: "../"
  SBTUITestTunnelServer:
    :path: "../"

CHECKOUT OPTIONS:
  GCDWebServer:
    :commit: 53a75d58ce45adee997340f25581bf54b46cfc20
    :git: https://github.com/Subito-it/GCDWebServer.git

SPEC CHECKSUMS:
  GCDWebServer: c68349164e523a7f7a2f514108b3b6c21d843f97
  SBTUITestTunnelClient: 5195e4a02f256f651c2ce20f8ddc5c8b875eac77
  SBTUITestTunnelCommon: 786120aafb58d370747c901ea55a0a8c3d18c470
  SBTUITestTunnelCommonSwift: 530dcfbb9a78c4641d542b1ca20b4248c147f292
  SBTUITestTunnelServer: 5972b12fbc4a4216bf27552abf2474aaf05426e8

PODFILE CHECKSUM: 7a41fa286bea012eec5fef6f7d011bda4e747a3f

COCOAPODS: 1.10.1
