// !$*UTF8*$!
{
	archiveVersion = 1;
	classes = {
	};
	objectVersion = 46;
	objects = {

/* Begin PBXBuildFile section */
		1B408276BF7B20FC2976816A /* Pods_SBTUITestTunnel_TestsNoSwizzling.framework in Frameworks */ = {isa = PBXBuildFile; fileRef = 8CE91666A13037E0EC23ED45 /* Pods_SBTUITestTunnel_TestsNoSwizzling.framework */; };
		2E6F39005BA498292CC83F86 /* Pods_SBTUITestTunnel_Example.framework in Frameworks */ = {isa = PBXBuildFile; fileRef = DCECCEC3C23CBE59050EE0FB /* Pods_SBTUITestTunnel_Example.framework */; };
		6003F58E195388D20070C39A /* Foundation.framework in Frameworks */ = {isa = PBXBuildFile; fileRef = 6003F58D195388D20070C39A /* Foundation.framework */; };
		6003F590195388D20070C39A /* CoreGraphics.framework in Frameworks */ = {isa = PBXBuildFile; fileRef = 6003F58F195388D20070C39A /* CoreGraphics.framework */; };
		6003F592195388D20070C39A /* UIKit.framework in Frameworks */ = {isa = PBXBuildFile; fileRef = 6003F591195388D20070C39A /* UIKit.framework */; };
		6003F598195388D20070C39A /* InfoPlist.strings in Resources */ = {isa = PBXBuildFile; fileRef = 6003F596195388D20070C39A /* InfoPlist.strings */; };
		6003F59A195388D20070C39A /* main.m in Sources */ = {isa = PBXBuildFile; fileRef = 6003F599195388D20070C39A /* main.m */; };
		6003F59E195388D20070C39A /* SBTAppDelegate.m in Sources */ = {isa = PBXBuildFile; fileRef = 6003F59D195388D20070C39A /* SBTAppDelegate.m */; };
		6003F5A9195388D20070C39A /* Images.xcassets in Resources */ = {isa = PBXBuildFile; fileRef = 6003F5A8195388D20070C39A /* Images.xcassets */; };
		7E9AB1A722AEEA16001205E9 /* NoSwizzlingTests.swift in Sources */ = {isa = PBXBuildFile; fileRef = 7E9AB1A622AEEA16001205E9 /* NoSwizzlingTests.swift */; };
		873B8AEB1B1F5CCA007FD442 /* Main.storyboard in Resources */ = {isa = PBXBuildFile; fileRef = 873B8AEA1B1F5CCA007FD442 /* Main.storyboard */; };
		C306920B204C9D5B00ACCCB0 /* RewriteTests.swift in Sources */ = {isa = PBXBuildFile; fileRef = C306920A204C9D5B00ACCCB0 /* RewriteTests.swift */; };
		C30FD8E32029EED50054EA5C /* CookiesTest.swift in Sources */ = {isa = PBXBuildFile; fileRef = C30FD8E22029EED50054EA5C /* CookiesTest.swift */; };
		C34A05AE22BC091100A0160B /* SBTExtensionTableViewController2.swift in Sources */ = {isa = PBXBuildFile; fileRef = C34A05AD22BC091100A0160B /* SBTExtensionTableViewController2.swift */; };
		C34A05B822BC211200A0160B /* SBTExtensionTableViewController1.swift in Sources */ = {isa = PBXBuildFile; fileRef = C34A05B722BC211200A0160B /* SBTExtensionTableViewController1.swift */; };
		C363E5F620502B9F00DFCEB1 /* test_file.json in Resources */ = {isa = PBXBuildFile; fileRef = C363E5F520502B9F00DFCEB1 /* test_file.json */; };
		C3763A082332505700C0FAF5 /* SBTUITestTunnelServer+Extension.swift in Sources */ = {isa = PBXBuildFile; fileRef = C3763A072332505700C0FAF5 /* SBTUITestTunnelServer+Extension.swift */; };
		C3763A092332505700C0FAF5 /* SBTUITestTunnelServer+Extension.swift in Sources */ = {isa = PBXBuildFile; fileRef = C3763A072332505700C0FAF5 /* SBTUITestTunnelServer+Extension.swift */; };
		C37C522E1E225A64005FC27D /* MatchRequestTests.swift in Sources */ = {isa = PBXBuildFile; fileRef = C37C522D1E225A64005FC27D /* MatchRequestTests.swift */; };
		C3881A931FED847C00EB6579 /* UserDefaultsTests.swift in Sources */ = {isa = PBXBuildFile; fileRef = C3E3DFD11D89FA75003D6BB2 /* UserDefaultsTests.swift */; };
		C3881A941FED847C00EB6579 /* StubTests.swift in Sources */ = {isa = PBXBuildFile; fileRef = C3E3DFDD1D8DFD21003D6BB2 /* StubTests.swift */; };
		C3881A951FED847C00EB6579 /* DownloadUploadTests.swift in Sources */ = {isa = PBXBuildFile; fileRef = C3E3DFD91D8A78B5003D6BB2 /* DownloadUploadTests.swift */; };
		C3881A961FED847C00EB6579 /* ThrottleTest.swift in Sources */ = {isa = PBXBuildFile; fileRef = C3F380211D8FCACA002CDE17 /* ThrottleTest.swift */; };
		C3881A971FED847C00EB6579 /* MiscellaneousTests.swift in Sources */ = {isa = PBXBuildFile; fileRef = C3E3DFD51D8A0082003D6BB2 /* MiscellaneousTests.swift */; };
		C392784D241A860B00C47A81 /* SBTExtensionViewController4.swift in Sources */ = {isa = PBXBuildFile; fileRef = C392784C241A860B00C47A81 /* SBTExtensionViewController4.swift */; };
		C392784F241A86ED00C47A81 /* CoreLocationTests.swift in Sources */ = {isa = PBXBuildFile; fileRef = C392784E241A86ED00C47A81 /* CoreLocationTests.swift */; };
		C3927851241A895500C47A81 /* XCTestCase+Extension.swift in Sources */ = {isa = PBXBuildFile; fileRef = C3927850241A895500C47A81 /* XCTestCase+Extension.swift */; };
		C3C90490204938950096663F /* NetworkRequests.swift in Sources */ = {isa = PBXBuildFile; fileRef = C3C9048F204938950096663F /* NetworkRequests.swift */; };
		C3E3DFC81D89F739003D6BB2 /* SBTTableViewController.swift in Sources */ = {isa = PBXBuildFile; fileRef = C3E3DFC71D89F739003D6BB2 /* SBTTableViewController.swift */; };
		C3E3DFDC1D8BE45C003D6BB2 /* SBTNetworkTestViewController.swift in Sources */ = {isa = PBXBuildFile; fileRef = C3E3DFDB1D8BE45C003D6BB2 /* SBTNetworkTestViewController.swift */; };
		C3E3DFE01D8ECA9A003D6BB2 /* MonitorTests.swift in Sources */ = {isa = PBXBuildFile; fileRef = C3E3DFDF1D8ECA9A003D6BB2 /* MonitorTests.swift */; };
		C3F6E9F11D63225F009D5733 /* Launch Screen.storyboard in Resources */ = {isa = PBXBuildFile; fileRef = C3F6E9F01D63225F009D5733 /* Launch Screen.storyboard */; };
		C7D76CF806A4EA0B33A49393 /* Pods_SBTUITestTunnel_Tests.framework in Frameworks */ = {isa = PBXBuildFile; fileRef = 47CFB7DBDC40EF0D00840C50 /* Pods_SBTUITestTunnel_Tests.framework */; };
		FC5F178223A8D2C2003BBCA1 /* UnusedStubsPeekAll.swift in Sources */ = {isa = PBXBuildFile; fileRef = FC5F178123A8D2C2003BBCA1 /* UnusedStubsPeekAll.swift */; };
/* End PBXBuildFile section */

/* Begin PBXContainerItemProxy section */
		7E9AB1A122AEE9DB001205E9 /* PBXContainerItemProxy */ = {
			isa = PBXContainerItemProxy;
			containerPortal = 6003F582195388D10070C39A /* Project object */;
			proxyType = 1;
			remoteGlobalIDString = 6003F589195388D20070C39A;
			remoteInfo = SBTUITestTunnel_Example;
		};
		C39B79FD1CB41C3A000C8B0D /* PBXContainerItemProxy */ = {
			isa = PBXContainerItemProxy;
			containerPortal = 6003F582195388D10070C39A /* Project object */;
			proxyType = 1;
			remoteGlobalIDString = 6003F589195388D20070C39A;
			remoteInfo = SBTUITestTunnel_Example;
		};
/* End PBXContainerItemProxy section */

/* Begin PBXCopyFilesBuildPhase section */
		C3796AEF1FE7C1E600BCF9DD /* Embed Frameworks */ = {
			isa = PBXCopyFilesBuildPhase;
			buildActionMask = 2147483647;
			dstPath = "";
			dstSubfolderSpec = 10;
			files = (
			);
			name = "Embed Frameworks";
			runOnlyForDeploymentPostprocessing = 0;
		};
/* End PBXCopyFilesBuildPhase section */

/* Begin PBXFileReference section */
		0E800C4E60D8C459D0998E1C /* Pods-SBTUITestTunnel_Tests.release.xcconfig */ = {isa = PBXFileReference; includeInIndex = 1; lastKnownFileType = text.xcconfig; name = "Pods-SBTUITestTunnel_Tests.release.xcconfig"; path = "Target Support Files/Pods-SBTUITestTunnel_Tests/Pods-SBTUITestTunnel_Tests.release.xcconfig"; sourceTree = "<group>"; };
		0E9C608071A13A87C52BA884 /* LICENSE */ = {isa = PBXFileReference; includeInIndex = 1; lastKnownFileType = text; name = LICENSE; path = ../LICENSE; sourceTree = "<group>"; };
		3430FCC02B97D488E4B1969E /* README.md */ = {isa = PBXFileReference; includeInIndex = 1; lastKnownFileType = net.daringfireball.markdown; name = README.md; path = ../README.md; sourceTree = "<group>"; };
		47CFB7DBDC40EF0D00840C50 /* Pods_SBTUITestTunnel_Tests.framework */ = {isa = PBXFileReference; explicitFileType = wrapper.framework; includeInIndex = 0; path = Pods_SBTUITestTunnel_Tests.framework; sourceTree = BUILT_PRODUCTS_DIR; };
		6003F58A195388D20070C39A /* SBTUITestTunnel_Example.app */ = {isa = PBXFileReference; explicitFileType = wrapper.application; includeInIndex = 0; path = SBTUITestTunnel_Example.app; sourceTree = BUILT_PRODUCTS_DIR; };
		6003F58D195388D20070C39A /* Foundation.framework */ = {isa = PBXFileReference; lastKnownFileType = wrapper.framework; name = Foundation.framework; path = System/Library/Frameworks/Foundation.framework; sourceTree = SDKROOT; };
		6003F58F195388D20070C39A /* CoreGraphics.framework */ = {isa = PBXFileReference; lastKnownFileType = wrapper.framework; name = CoreGraphics.framework; path = System/Library/Frameworks/CoreGraphics.framework; sourceTree = SDKROOT; };
		6003F591195388D20070C39A /* UIKit.framework */ = {isa = PBXFileReference; lastKnownFileType = wrapper.framework; name = UIKit.framework; path = System/Library/Frameworks/UIKit.framework; sourceTree = SDKROOT; };
		6003F595195388D20070C39A /* SBTUITestTunnel-Info.plist */ = {isa = PBXFileReference; lastKnownFileType = text.plist.xml; path = "SBTUITestTunnel-Info.plist"; sourceTree = "<group>"; };
		6003F597195388D20070C39A /* en */ = {isa = PBXFileReference; lastKnownFileType = text.plist.strings; name = en; path = en.lproj/InfoPlist.strings; sourceTree = "<group>"; };
		6003F599195388D20070C39A /* main.m */ = {isa = PBXFileReference; lastKnownFileType = sourcecode.c.objc; path = main.m; sourceTree = "<group>"; };
		6003F59B195388D20070C39A /* SBTUITestTunnel-Prefix.pch */ = {isa = PBXFileReference; lastKnownFileType = sourcecode.c.h; path = "SBTUITestTunnel-Prefix.pch"; sourceTree = "<group>"; };
		6003F59C195388D20070C39A /* SBTAppDelegate.h */ = {isa = PBXFileReference; lastKnownFileType = sourcecode.c.h; path = SBTAppDelegate.h; sourceTree = "<group>"; };
		6003F59D195388D20070C39A /* SBTAppDelegate.m */ = {isa = PBXFileReference; lastKnownFileType = sourcecode.c.objc; path = SBTAppDelegate.m; sourceTree = "<group>"; };
		6003F5A8195388D20070C39A /* Images.xcassets */ = {isa = PBXFileReference; lastKnownFileType = folder.assetcatalog; path = Images.xcassets; sourceTree = "<group>"; };
		6003F5AF195388D20070C39A /* XCTest.framework */ = {isa = PBXFileReference; lastKnownFileType = wrapper.framework; name = XCTest.framework; path = Library/Frameworks/XCTest.framework; sourceTree = DEVELOPER_DIR; };
		60FE0F8F748DBCE309D9213F /* Pods-SBTUITestTunnel_TestsNoSwizzling.debug.xcconfig */ = {isa = PBXFileReference; includeInIndex = 1; lastKnownFileType = text.xcconfig; name = "Pods-SBTUITestTunnel_TestsNoSwizzling.debug.xcconfig"; path = "Target Support Files/Pods-SBTUITestTunnel_TestsNoSwizzling/Pods-SBTUITestTunnel_TestsNoSwizzling.debug.xcconfig"; sourceTree = "<group>"; };
		746907E7240109970000ADC7 /* CoreLocationTests.swift */ = {isa = PBXFileReference; lastKnownFileType = sourcecode.swift; path = CoreLocationTests.swift; sourceTree = "<group>"; };
		7E9AB19C22AEE9DB001205E9 /* SBTUITestTunnel_TestsNoSwizzling.xctest */ = {isa = PBXFileReference; explicitFileType = wrapper.cfbundle; includeInIndex = 0; path = SBTUITestTunnel_TestsNoSwizzling.xctest; sourceTree = BUILT_PRODUCTS_DIR; };
		7E9AB1A022AEE9DB001205E9 /* Info.plist */ = {isa = PBXFileReference; lastKnownFileType = text.plist.xml; path = Info.plist; sourceTree = "<group>"; };
		7E9AB1A622AEEA16001205E9 /* NoSwizzlingTests.swift */ = {isa = PBXFileReference; fileEncoding = 4; lastKnownFileType = sourcecode.swift; path = NoSwizzlingTests.swift; sourceTree = "<group>"; };
		873B8AEA1B1F5CCA007FD442 /* Main.storyboard */ = {isa = PBXFileReference; fileEncoding = 4; lastKnownFileType = file.storyboard; path = Main.storyboard; sourceTree = "<group>"; };
		8CE91666A13037E0EC23ED45 /* Pods_SBTUITestTunnel_TestsNoSwizzling.framework */ = {isa = PBXFileReference; explicitFileType = wrapper.framework; includeInIndex = 0; path = Pods_SBTUITestTunnel_TestsNoSwizzling.framework; sourceTree = BUILT_PRODUCTS_DIR; };
		94E5E4A032C11D5264DDF57C /* Pods-SBTUITestTunnel_Example.release.xcconfig */ = {isa = PBXFileReference; includeInIndex = 1; lastKnownFileType = text.xcconfig; name = "Pods-SBTUITestTunnel_Example.release.xcconfig"; path = "Target Support Files/Pods-SBTUITestTunnel_Example/Pods-SBTUITestTunnel_Example.release.xcconfig"; sourceTree = "<group>"; };
		B61E63F60E3FC42B319BC71B /* Pods-SBTUITestTunnel_Tests.debug.xcconfig */ = {isa = PBXFileReference; includeInIndex = 1; lastKnownFileType = text.xcconfig; name = "Pods-SBTUITestTunnel_Tests.debug.xcconfig"; path = "Target Support Files/Pods-SBTUITestTunnel_Tests/Pods-SBTUITestTunnel_Tests.debug.xcconfig"; sourceTree = "<group>"; };
		C306920A204C9D5B00ACCCB0 /* RewriteTests.swift */ = {isa = PBXFileReference; lastKnownFileType = sourcecode.swift; path = RewriteTests.swift; sourceTree = "<group>"; };
		C30FD8E22029EED50054EA5C /* CookiesTest.swift */ = {isa = PBXFileReference; lastKnownFileType = sourcecode.swift; path = CookiesTest.swift; sourceTree = "<group>"; };
		C34A05AD22BC091100A0160B /* SBTExtensionTableViewController2.swift */ = {isa = PBXFileReference; lastKnownFileType = sourcecode.swift; path = SBTExtensionTableViewController2.swift; sourceTree = "<group>"; };
		C34A05B722BC211200A0160B /* SBTExtensionTableViewController1.swift */ = {isa = PBXFileReference; lastKnownFileType = sourcecode.swift; path = SBTExtensionTableViewController1.swift; sourceTree = "<group>"; };
		C363E5F520502B9F00DFCEB1 /* test_file.json */ = {isa = PBXFileReference; fileEncoding = 4; lastKnownFileType = text.json; path = test_file.json; sourceTree = "<group>"; };
		C3763A072332505700C0FAF5 /* SBTUITestTunnelServer+Extension.swift */ = {isa = PBXFileReference; lastKnownFileType = sourcecode.swift; path = "SBTUITestTunnelServer+Extension.swift"; sourceTree = "<group>"; };
		C37C522D1E225A64005FC27D /* MatchRequestTests.swift */ = {isa = PBXFileReference; fileEncoding = 4; lastKnownFileType = sourcecode.swift; path = MatchRequestTests.swift; sourceTree = "<group>"; };
		C385D1BC2527590A000B0C8A /* SBTUITestTunnel_ExampleUITests.swift */ = {isa = PBXFileReference; lastKnownFileType = sourcecode.swift; path = SBTUITestTunnel_ExampleUITests.swift; sourceTree = "<group>"; };
		C385D1BE2527590A000B0C8A /* Info.plist */ = {isa = PBXFileReference; lastKnownFileType = text.plist.xml; path = Info.plist; sourceTree = "<group>"; };
		C392784C241A860B00C47A81 /* SBTExtensionViewController4.swift */ = {isa = PBXFileReference; lastKnownFileType = sourcecode.swift; path = SBTExtensionViewController4.swift; sourceTree = "<group>"; };
		C392784E241A86ED00C47A81 /* CoreLocationTests.swift */ = {isa = PBXFileReference; lastKnownFileType = sourcecode.swift; path = CoreLocationTests.swift; sourceTree = "<group>"; };
		C3927850241A895500C47A81 /* XCTestCase+Extension.swift */ = {isa = PBXFileReference; lastKnownFileType = sourcecode.swift; path = "XCTestCase+Extension.swift"; sourceTree = "<group>"; };
		C39B79F81CB41C3A000C8B0D /* SBTUITestTunnel_Tests.xctest */ = {isa = PBXFileReference; explicitFileType = wrapper.cfbundle; includeInIndex = 0; path = SBTUITestTunnel_Tests.xctest; sourceTree = BUILT_PRODUCTS_DIR; };
		C39B79FC1CB41C3A000C8B0D /* Info.plist */ = {isa = PBXFileReference; lastKnownFileType = text.plist.xml; path = Info.plist; sourceTree = "<group>"; };
		C3C9048F204938950096663F /* NetworkRequests.swift */ = {isa = PBXFileReference; lastKnownFileType = sourcecode.swift; path = NetworkRequests.swift; sourceTree = "<group>"; };
		C3E3DFC61D89F738003D6BB2 /* SBTUITestTunnel_Example-Bridging-Header.h */ = {isa = PBXFileReference; lastKnownFileType = sourcecode.c.h; path = "SBTUITestTunnel_Example-Bridging-Header.h"; sourceTree = "<group>"; };
		C3E3DFC71D89F739003D6BB2 /* SBTTableViewController.swift */ = {isa = PBXFileReference; fileEncoding = 4; lastKnownFileType = sourcecode.swift; path = SBTTableViewController.swift; sourceTree = "<group>"; };
		C3E3DFD11D89FA75003D6BB2 /* UserDefaultsTests.swift */ = {isa = PBXFileReference; fileEncoding = 4; lastKnownFileType = sourcecode.swift; path = UserDefaultsTests.swift; sourceTree = "<group>"; };
		C3E3DFD51D8A0082003D6BB2 /* MiscellaneousTests.swift */ = {isa = PBXFileReference; fileEncoding = 4; lastKnownFileType = sourcecode.swift; path = MiscellaneousTests.swift; sourceTree = "<group>"; };
		C3E3DFD81D8A75BB003D6BB2 /* SBTUITestTunnel_Example.entitlements */ = {isa = PBXFileReference; lastKnownFileType = text.plist.entitlements; path = SBTUITestTunnel_Example.entitlements; sourceTree = "<group>"; };
		C3E3DFD91D8A78B5003D6BB2 /* DownloadUploadTests.swift */ = {isa = PBXFileReference; fileEncoding = 4; lastKnownFileType = sourcecode.swift; path = DownloadUploadTests.swift; sourceTree = "<group>"; };
		C3E3DFDB1D8BE45C003D6BB2 /* SBTNetworkTestViewController.swift */ = {isa = PBXFileReference; fileEncoding = 4; lastKnownFileType = sourcecode.swift; path = SBTNetworkTestViewController.swift; sourceTree = "<group>"; };
		C3E3DFDD1D8DFD21003D6BB2 /* StubTests.swift */ = {isa = PBXFileReference; fileEncoding = 4; lastKnownFileType = sourcecode.swift; path = StubTests.swift; sourceTree = "<group>"; };
		C3E3DFDF1D8ECA9A003D6BB2 /* MonitorTests.swift */ = {isa = PBXFileReference; fileEncoding = 4; lastKnownFileType = sourcecode.swift; path = MonitorTests.swift; sourceTree = "<group>"; };
		C3F380211D8FCACA002CDE17 /* ThrottleTest.swift */ = {isa = PBXFileReference; fileEncoding = 4; lastKnownFileType = sourcecode.swift; path = ThrottleTest.swift; sourceTree = "<group>"; };
		C3F6E9F01D63225F009D5733 /* Launch Screen.storyboard */ = {isa = PBXFileReference; fileEncoding = 4; lastKnownFileType = file.storyboard; path = "Launch Screen.storyboard"; sourceTree = "<group>"; };
		D6B57212CE974BEDA68858F5 /* Pods-SBTUITestTunnel_TestsNoSwizzling.release.xcconfig */ = {isa = PBXFileReference; includeInIndex = 1; lastKnownFileType = text.xcconfig; name = "Pods-SBTUITestTunnel_TestsNoSwizzling.release.xcconfig"; path = "Target Support Files/Pods-SBTUITestTunnel_TestsNoSwizzling/Pods-SBTUITestTunnel_TestsNoSwizzling.release.xcconfig"; sourceTree = "<group>"; };
		DCECCEC3C23CBE59050EE0FB /* Pods_SBTUITestTunnel_Example.framework */ = {isa = PBXFileReference; explicitFileType = wrapper.framework; includeInIndex = 0; path = Pods_SBTUITestTunnel_Example.framework; sourceTree = BUILT_PRODUCTS_DIR; };
		E6A87F86CCE500F03DF809C9 /* SBTUITestTunnel.podspec */ = {isa = PBXFileReference; includeInIndex = 1; lastKnownFileType = text; name = SBTUITestTunnel.podspec; path = ../SBTUITestTunnel.podspec; sourceTree = "<group>"; };
		F046B080A302E8D95E10A6A3 /* Pods-SBTUITestTunnel_Example.debug.xcconfig */ = {isa = PBXFileReference; includeInIndex = 1; lastKnownFileType = text.xcconfig; name = "Pods-SBTUITestTunnel_Example.debug.xcconfig"; path = "Target Support Files/Pods-SBTUITestTunnel_Example/Pods-SBTUITestTunnel_Example.debug.xcconfig"; sourceTree = "<group>"; };
		FC5F178123A8D2C2003BBCA1 /* UnusedStubsPeekAll.swift */ = {isa = PBXFileReference; fileEncoding = 4; lastKnownFileType = sourcecode.swift; path = UnusedStubsPeekAll.swift; sourceTree = "<group>"; };
/* End PBXFileReference section */

/* Begin PBXFrameworksBuildPhase section */
		6003F587195388D20070C39A /* Frameworks */ = {
			isa = PBXFrameworksBuildPhase;
			buildActionMask = 2147483647;
			files = (
				6003F590195388D20070C39A /* CoreGraphics.framework in Frameworks */,
				6003F592195388D20070C39A /* UIKit.framework in Frameworks */,
				6003F58E195388D20070C39A /* Foundation.framework in Frameworks */,
				2E6F39005BA498292CC83F86 /* Pods_SBTUITestTunnel_Example.framework in Frameworks */,
			);
			runOnlyForDeploymentPostprocessing = 0;
		};
		7E9AB19922AEE9DB001205E9 /* Frameworks */ = {
			isa = PBXFrameworksBuildPhase;
			buildActionMask = 2147483647;
			files = (
				1B408276BF7B20FC2976816A /* Pods_SBTUITestTunnel_TestsNoSwizzling.framework in Frameworks */,
			);
			runOnlyForDeploymentPostprocessing = 0;
		};
		C39B79F51CB41C3A000C8B0D /* Frameworks */ = {
			isa = PBXFrameworksBuildPhase;
			buildActionMask = 2147483647;
			files = (
				C7D76CF806A4EA0B33A49393 /* Pods_SBTUITestTunnel_Tests.framework in Frameworks */,
			);
			runOnlyForDeploymentPostprocessing = 0;
		};
/* End PBXFrameworksBuildPhase section */

/* Begin PBXGroup section */
		6003F581195388D10070C39A = {
			isa = PBXGroup;
			children = (
				C3E3DFD81D8A75BB003D6BB2 /* SBTUITestTunnel_Example.entitlements */,
				6003F593195388D20070C39A /* Example for SBTUITestTunnel */,
				C39B79F91CB41C3A000C8B0D /* SBTUITestTunnel_Tests */,
				7E9AB19D22AEE9DB001205E9 /* SBTUITestTunnel_TestsNoSwizzling */,
				C385D1BB2527590A000B0C8A /* SBTUITestTunnel_ExampleUITests */,
				6003F58C195388D20070C39A /* Frameworks */,
				6003F58B195388D20070C39A /* Products */,
				DAB024EC32FF7BB83F2760F6 /* Pods */,
			);
			sourceTree = "<group>";
		};
		6003F58B195388D20070C39A /* Products */ = {
			isa = PBXGroup;
			children = (
				6003F58A195388D20070C39A /* SBTUITestTunnel_Example.app */,
				C39B79F81CB41C3A000C8B0D /* SBTUITestTunnel_Tests.xctest */,
				7E9AB19C22AEE9DB001205E9 /* SBTUITestTunnel_TestsNoSwizzling.xctest */,
			);
			name = Products;
			sourceTree = "<group>";
		};
		6003F58C195388D20070C39A /* Frameworks */ = {
			isa = PBXGroup;
			children = (
				6003F58D195388D20070C39A /* Foundation.framework */,
				6003F58F195388D20070C39A /* CoreGraphics.framework */,
				6003F591195388D20070C39A /* UIKit.framework */,
				6003F5AF195388D20070C39A /* XCTest.framework */,
				DCECCEC3C23CBE59050EE0FB /* Pods_SBTUITestTunnel_Example.framework */,
				47CFB7DBDC40EF0D00840C50 /* Pods_SBTUITestTunnel_Tests.framework */,
				8CE91666A13037E0EC23ED45 /* Pods_SBTUITestTunnel_TestsNoSwizzling.framework */,
			);
			name = Frameworks;
			sourceTree = "<group>";
		};
		6003F593195388D20070C39A /* Example for SBTUITestTunnel */ = {
			isa = PBXGroup;
			children = (
				6003F59C195388D20070C39A /* SBTAppDelegate.h */,
				6003F59D195388D20070C39A /* SBTAppDelegate.m */,
				C3F6E9F01D63225F009D5733 /* Launch Screen.storyboard */,
				873B8AEA1B1F5CCA007FD442 /* Main.storyboard */,
				C3E3DFC71D89F739003D6BB2 /* SBTTableViewController.swift */,
				60FF7A9C1954A5C5007DD14C /* Podspec Metadata */,
				C3E3DFDB1D8BE45C003D6BB2 /* SBTNetworkTestViewController.swift */,
				C34A05AD22BC091100A0160B /* SBTExtensionTableViewController2.swift */,
				C392784C241A860B00C47A81 /* SBTExtensionViewController4.swift */,
				C34A05B722BC211200A0160B /* SBTExtensionTableViewController1.swift */,
				6003F5A8195388D20070C39A /* Images.xcassets */,
				6003F594195388D20070C39A /* Supporting Files */,
				C3E3DFC61D89F738003D6BB2 /* SBTUITestTunnel_Example-Bridging-Header.h */,
			);
			name = "Example for SBTUITestTunnel";
			path = SBTUITestTunnel;
			sourceTree = "<group>";
		};
		6003F594195388D20070C39A /* Supporting Files */ = {
			isa = PBXGroup;
			children = (
				6003F595195388D20070C39A /* SBTUITestTunnel-Info.plist */,
				6003F596195388D20070C39A /* InfoPlist.strings */,
				6003F599195388D20070C39A /* main.m */,
				6003F59B195388D20070C39A /* SBTUITestTunnel-Prefix.pch */,
			);
			name = "Supporting Files";
			sourceTree = "<group>";
		};
		60FF7A9C1954A5C5007DD14C /* Podspec Metadata */ = {
			isa = PBXGroup;
			children = (
				E6A87F86CCE500F03DF809C9 /* SBTUITestTunnel.podspec */,
				3430FCC02B97D488E4B1969E /* README.md */,
				0E9C608071A13A87C52BA884 /* LICENSE */,
			);
			name = "Podspec Metadata";
			path = ..;
			sourceTree = "<group>";
		};
		7E9AB19D22AEE9DB001205E9 /* SBTUITestTunnel_TestsNoSwizzling */ = {
			isa = PBXGroup;
			children = (
				7E9AB1A622AEEA16001205E9 /* NoSwizzlingTests.swift */,
				7E9AB1A022AEE9DB001205E9 /* Info.plist */,
			);
			path = SBTUITestTunnel_TestsNoSwizzling;
			sourceTree = "<group>";
		};
		C385D1BB2527590A000B0C8A /* SBTUITestTunnel_ExampleUITests */ = {
			isa = PBXGroup;
			children = (
				C385D1BC2527590A000B0C8A /* SBTUITestTunnel_ExampleUITests.swift */,
				C385D1BE2527590A000B0C8A /* Info.plist */,
			);
			path = SBTUITestTunnel_ExampleUITests;
			sourceTree = "<group>";
		};
		C39B79F91CB41C3A000C8B0D /* SBTUITestTunnel_Tests */ = {
			isa = PBXGroup;
			children = (
				FC5F178123A8D2C2003BBCA1 /* UnusedStubsPeekAll.swift */,
				C3763A072332505700C0FAF5 /* SBTUITestTunnelServer+Extension.swift */,
				C3927850241A895500C47A81 /* XCTestCase+Extension.swift */,
				C37C522D1E225A64005FC27D /* MatchRequestTests.swift */,
				C3E3DFDF1D8ECA9A003D6BB2 /* MonitorTests.swift */,
				C3C9048F204938950096663F /* NetworkRequests.swift */,
				C306920A204C9D5B00ACCCB0 /* RewriteTests.swift */,
				C3E3DFD11D89FA75003D6BB2 /* UserDefaultsTests.swift */,
				C3E3DFDD1D8DFD21003D6BB2 /* StubTests.swift */,
				C392784E241A86ED00C47A81 /* CoreLocationTests.swift */,
				C3E3DFD91D8A78B5003D6BB2 /* DownloadUploadTests.swift */,
				C3F380211D8FCACA002CDE17 /* ThrottleTest.swift */,
				C30FD8E22029EED50054EA5C /* CookiesTest.swift */,
				746907E7240109970000ADC7 /* CoreLocationTests.swift */,
				C3E3DFD51D8A0082003D6BB2 /* MiscellaneousTests.swift */,
				C363E5F520502B9F00DFCEB1 /* test_file.json */,
				C39B79FC1CB41C3A000C8B0D /* Info.plist */,
			);
			path = SBTUITestTunnel_Tests;
			sourceTree = "<group>";
		};
		DAB024EC32FF7BB83F2760F6 /* Pods */ = {
			isa = PBXGroup;
			children = (
				F046B080A302E8D95E10A6A3 /* Pods-SBTUITestTunnel_Example.debug.xcconfig */,
				94E5E4A032C11D5264DDF57C /* Pods-SBTUITestTunnel_Example.release.xcconfig */,
				B61E63F60E3FC42B319BC71B /* Pods-SBTUITestTunnel_Tests.debug.xcconfig */,
				0E800C4E60D8C459D0998E1C /* Pods-SBTUITestTunnel_Tests.release.xcconfig */,
				60FE0F8F748DBCE309D9213F /* Pods-SBTUITestTunnel_TestsNoSwizzling.debug.xcconfig */,
				D6B57212CE974BEDA68858F5 /* Pods-SBTUITestTunnel_TestsNoSwizzling.release.xcconfig */,
			);
			path = Pods;
			sourceTree = "<group>";
		};
/* End PBXGroup section */

/* Begin PBXNativeTarget section */
		6003F589195388D20070C39A /* SBTUITestTunnel_Example */ = {
			isa = PBXNativeTarget;
			buildConfigurationList = 6003F5BF195388D20070C39A /* Build configuration list for PBXNativeTarget "SBTUITestTunnel_Example" */;
			buildPhases = (
				917827783185B2F0F7FFE25D /* [CP] Check Pods Manifest.lock */,
				6003F586195388D20070C39A /* Sources */,
				6003F587195388D20070C39A /* Frameworks */,
				6003F588195388D20070C39A /* Resources */,
				C3796AEF1FE7C1E600BCF9DD /* Embed Frameworks */,
				D7F2E684FE94C3114D106177 /* [CP] Embed Pods Frameworks */,
			);
			buildRules = (
			);
			dependencies = (
			);
			name = SBTUITestTunnel_Example;
			productName = SBTUITestTunnel;
			productReference = 6003F58A195388D20070C39A /* SBTUITestTunnel_Example.app */;
			productType = "com.apple.product-type.application";
		};
		7E9AB19B22AEE9DB001205E9 /* SBTUITestTunnel_TestsNoSwizzling */ = {
			isa = PBXNativeTarget;
			buildConfigurationList = 7E9AB1A322AEE9DB001205E9 /* Build configuration list for PBXNativeTarget "SBTUITestTunnel_TestsNoSwizzling" */;
			buildPhases = (
				01D498837572ACECC77FA727 /* [CP] Check Pods Manifest.lock */,
				7E9AB19822AEE9DB001205E9 /* Sources */,
				7E9AB19922AEE9DB001205E9 /* Frameworks */,
				7E9AB19A22AEE9DB001205E9 /* Resources */,
				DC58237969E8F457D8FD7D70 /* [CP] Embed Pods Frameworks */,
			);
			buildRules = (
			);
			dependencies = (
				7E9AB1A222AEE9DB001205E9 /* PBXTargetDependency */,
			);
			name = SBTUITestTunnel_TestsNoSwizzling;
			productName = SBTUITestTunnel_TestsNoSwizzling;
			productReference = 7E9AB19C22AEE9DB001205E9 /* SBTUITestTunnel_TestsNoSwizzling.xctest */;
			productType = "com.apple.product-type.bundle.ui-testing";
		};
		C39B79F71CB41C3A000C8B0D /* SBTUITestTunnel_Tests */ = {
			isa = PBXNativeTarget;
			buildConfigurationList = C39B79FF1CB41C3A000C8B0D /* Build configuration list for PBXNativeTarget "SBTUITestTunnel_Tests" */;
			buildPhases = (
				F2B625485CD9D7A70CBFB320 /* [CP] Check Pods Manifest.lock */,
				C39B79F41CB41C3A000C8B0D /* Sources */,
				C39B79F51CB41C3A000C8B0D /* Frameworks */,
				C39B79F61CB41C3A000C8B0D /* Resources */,
				2DAE6DC3500349EC8B65ACF6 /* [CP] Embed Pods Frameworks */,
			);
			buildRules = (
			);
			dependencies = (
				C39B79FE1CB41C3A000C8B0D /* PBXTargetDependency */,
			);
			name = SBTUITestTunnel_Tests;
			productName = SBTUITestTunnel_Tests;
			productReference = C39B79F81CB41C3A000C8B0D /* SBTUITestTunnel_Tests.xctest */;
			productType = "com.apple.product-type.bundle.ui-testing";
		};
/* End PBXNativeTarget section */

/* Begin PBXProject section */
		6003F582195388D10070C39A /* Project object */ = {
			isa = PBXProject;
			attributes = {
				CLASSPREFIX = SBT;
				DefaultBuildSystemTypeForWorkspace = Latest;
				LastSwiftUpdateCheck = 1200;
				LastUpgradeCheck = 1130;
				ORGANIZATIONNAME = "Tomas Camin";
				TargetAttributes = {
					6003F589195388D20070C39A = {
						DevelopmentTeam = F93T2PM4GE;
						LastSwiftMigration = 0800;
						SystemCapabilities = {
							com.apple.Keychain = {
								enabled = 1;
							};
						};
					};
					7E9AB19B22AEE9DB001205E9 = {
						CreatedOnToolsVersion = 10.2.1;
						LastSwiftMigration = 1020;
						ProvisioningStyle = Automatic;
						TestTargetID = 6003F589195388D20070C39A;
					};
					C39B79F71CB41C3A000C8B0D = {
						CreatedOnToolsVersion = 7.3;
						LastSwiftMigration = 0800;
						ProvisioningStyle = Automatic;
						TestTargetID = 6003F589195388D20070C39A;
					};
				};
			};
			buildConfigurationList = 6003F585195388D10070C39A /* Build configuration list for PBXProject "SBTUITestTunnel" */;
			compatibilityVersion = "Xcode 3.2";
			developmentRegion = en;
			hasScannedForEncodings = 0;
			knownRegions = (
				en,
				Base,
			);
			mainGroup = 6003F581195388D10070C39A;
			productRefGroup = 6003F58B195388D20070C39A /* Products */;
			projectDirPath = "";
			projectRoot = "";
			targets = (
				6003F589195388D20070C39A /* SBTUITestTunnel_Example */,
				C39B79F71CB41C3A000C8B0D /* SBTUITestTunnel_Tests */,
				7E9AB19B22AEE9DB001205E9 /* SBTUITestTunnel_TestsNoSwizzling */,
			);
		};
/* End PBXProject section */

/* Begin PBXResourcesBuildPhase section */
		6003F588195388D20070C39A /* Resources */ = {
			isa = PBXResourcesBuildPhase;
			buildActionMask = 2147483647;
			files = (
				873B8AEB1B1F5CCA007FD442 /* Main.storyboard in Resources */,
				6003F5A9195388D20070C39A /* Images.xcassets in Resources */,
				C3F6E9F11D63225F009D5733 /* Launch Screen.storyboard in Resources */,
				6003F598195388D20070C39A /* InfoPlist.strings in Resources */,
			);
			runOnlyForDeploymentPostprocessing = 0;
		};
		7E9AB19A22AEE9DB001205E9 /* Resources */ = {
			isa = PBXResourcesBuildPhase;
			buildActionMask = 2147483647;
			files = (
			);
			runOnlyForDeploymentPostprocessing = 0;
		};
		C39B79F61CB41C3A000C8B0D /* Resources */ = {
			isa = PBXResourcesBuildPhase;
			buildActionMask = 2147483647;
			files = (
				C363E5F620502B9F00DFCEB1 /* test_file.json in Resources */,
			);
			runOnlyForDeploymentPostprocessing = 0;
		};
/* End PBXResourcesBuildPhase section */

/* Begin PBXShellScriptBuildPhase section */
		01D498837572ACECC77FA727 /* [CP] Check Pods Manifest.lock */ = {
			isa = PBXShellScriptBuildPhase;
			buildActionMask = 2147483647;
			files = (
			);
			inputFileListPaths = (
			);
			inputPaths = (
				"${PODS_PODFILE_DIR_PATH}/Podfile.lock",
				"${PODS_ROOT}/Manifest.lock",
			);
			name = "[CP] Check Pods Manifest.lock";
			outputFileListPaths = (
			);
			outputPaths = (
				"$(DERIVED_FILE_DIR)/Pods-SBTUITestTunnel_TestsNoSwizzling-checkManifestLockResult.txt",
			);
			runOnlyForDeploymentPostprocessing = 0;
			shellPath = /bin/sh;
			shellScript = "diff \"${PODS_PODFILE_DIR_PATH}/Podfile.lock\" \"${PODS_ROOT}/Manifest.lock\" > /dev/null\nif [ $? != 0 ] ; then\n    # print error to STDERR\n    echo \"error: The sandbox is not in sync with the Podfile.lock. Run 'pod install' or update your CocoaPods installation.\" >&2\n    exit 1\nfi\n# This output is used by Xcode 'outputs' to avoid re-running this script phase.\necho \"SUCCESS\" > \"${SCRIPT_OUTPUT_FILE_0}\"\n";
			showEnvVarsInLog = 0;
		};
		2DAE6DC3500349EC8B65ACF6 /* [CP] Embed Pods Frameworks */ = {
			isa = PBXShellScriptBuildPhase;
			buildActionMask = 2147483647;
			files = (
			);
			inputPaths = (
				"${PODS_ROOT}/Target Support Files/Pods-SBTUITestTunnel_Tests/Pods-SBTUITestTunnel_Tests-frameworks.sh",
				"${BUILT_PRODUCTS_DIR}/GCDWebServer/GCDWebServer.framework",
				"${BUILT_PRODUCTS_DIR}/SBTUITestTunnelCommon/SBTUITestTunnelCommon.framework",
				"${BUILT_PRODUCTS_DIR}/SBTUITestTunnelServer/SBTUITestTunnelServer.framework",
				"${BUILT_PRODUCTS_DIR}/SBTUITestTunnelClient/SBTUITestTunnelClient.framework",
			);
			name = "[CP] Embed Pods Frameworks";
			outputPaths = (
				"${TARGET_BUILD_DIR}/${FRAMEWORKS_FOLDER_PATH}/GCDWebServer.framework",
				"${TARGET_BUILD_DIR}/${FRAMEWORKS_FOLDER_PATH}/SBTUITestTunnelCommon.framework",
				"${TARGET_BUILD_DIR}/${FRAMEWORKS_FOLDER_PATH}/SBTUITestTunnelServer.framework",
				"${TARGET_BUILD_DIR}/${FRAMEWORKS_FOLDER_PATH}/SBTUITestTunnelClient.framework",
			);
			runOnlyForDeploymentPostprocessing = 0;
			shellPath = /bin/sh;
			shellScript = "\"${PODS_ROOT}/Target Support Files/Pods-SBTUITestTunnel_Tests/Pods-SBTUITestTunnel_Tests-frameworks.sh\"\n";
			showEnvVarsInLog = 0;
		};
		917827783185B2F0F7FFE25D /* [CP] Check Pods Manifest.lock */ = {
			isa = PBXShellScriptBuildPhase;
			buildActionMask = 2147483647;
			files = (
			);
			inputFileListPaths = (
			);
			inputPaths = (
				"${PODS_PODFILE_DIR_PATH}/Podfile.lock",
				"${PODS_ROOT}/Manifest.lock",
			);
			name = "[CP] Check Pods Manifest.lock";
			outputFileListPaths = (
			);
			outputPaths = (
				"$(DERIVED_FILE_DIR)/Pods-SBTUITestTunnel_Example-checkManifestLockResult.txt",
			);
			runOnlyForDeploymentPostprocessing = 0;
			shellPath = /bin/sh;
			shellScript = "diff \"${PODS_PODFILE_DIR_PATH}/Podfile.lock\" \"${PODS_ROOT}/Manifest.lock\" > /dev/null\nif [ $? != 0 ] ; then\n    # print error to STDERR\n    echo \"error: The sandbox is not in sync with the Podfile.lock. Run 'pod install' or update your CocoaPods installation.\" >&2\n    exit 1\nfi\n# This output is used by Xcode 'outputs' to avoid re-running this script phase.\necho \"SUCCESS\" > \"${SCRIPT_OUTPUT_FILE_0}\"\n";
			showEnvVarsInLog = 0;
		};
		D7F2E684FE94C3114D106177 /* [CP] Embed Pods Frameworks */ = {
			isa = PBXShellScriptBuildPhase;
			buildActionMask = 2147483647;
			files = (
			);
			inputPaths = (
				"${PODS_ROOT}/Target Support Files/Pods-SBTUITestTunnel_Example/Pods-SBTUITestTunnel_Example-frameworks.sh",
				"${BUILT_PRODUCTS_DIR}/GCDWebServer/GCDWebServer.framework",
				"${BUILT_PRODUCTS_DIR}/SBTUITestTunnelCommon/SBTUITestTunnelCommon.framework",
				"${BUILT_PRODUCTS_DIR}/SBTUITestTunnelServer/SBTUITestTunnelServer.framework",
			);
			name = "[CP] Embed Pods Frameworks";
			outputPaths = (
				"${TARGET_BUILD_DIR}/${FRAMEWORKS_FOLDER_PATH}/GCDWebServer.framework",
				"${TARGET_BUILD_DIR}/${FRAMEWORKS_FOLDER_PATH}/SBTUITestTunnelCommon.framework",
				"${TARGET_BUILD_DIR}/${FRAMEWORKS_FOLDER_PATH}/SBTUITestTunnelServer.framework",
			);
			runOnlyForDeploymentPostprocessing = 0;
			shellPath = /bin/sh;
			shellScript = "\"${PODS_ROOT}/Target Support Files/Pods-SBTUITestTunnel_Example/Pods-SBTUITestTunnel_Example-frameworks.sh\"\n";
			showEnvVarsInLog = 0;
		};
		DC58237969E8F457D8FD7D70 /* [CP] Embed Pods Frameworks */ = {
			isa = PBXShellScriptBuildPhase;
			buildActionMask = 2147483647;
			files = (
			);
			inputPaths = (
				"${PODS_ROOT}/Target Support Files/Pods-SBTUITestTunnel_TestsNoSwizzling/Pods-SBTUITestTunnel_TestsNoSwizzling-frameworks.sh",
				"${BUILT_PRODUCTS_DIR}/GCDWebServer/GCDWebServer.framework",
				"${BUILT_PRODUCTS_DIR}/SBTUITestTunnelCommon/SBTUITestTunnelCommon.framework",
				"${BUILT_PRODUCTS_DIR}/SBTUITestTunnelServer/SBTUITestTunnelServer.framework",
				"${BUILT_PRODUCTS_DIR}/SBTUITestTunnelClient/SBTUITestTunnelClient.framework",
			);
			name = "[CP] Embed Pods Frameworks";
			outputPaths = (
				"${TARGET_BUILD_DIR}/${FRAMEWORKS_FOLDER_PATH}/GCDWebServer.framework",
				"${TARGET_BUILD_DIR}/${FRAMEWORKS_FOLDER_PATH}/SBTUITestTunnelCommon.framework",
				"${TARGET_BUILD_DIR}/${FRAMEWORKS_FOLDER_PATH}/SBTUITestTunnelServer.framework",
				"${TARGET_BUILD_DIR}/${FRAMEWORKS_FOLDER_PATH}/SBTUITestTunnelClient.framework",
			);
			runOnlyForDeploymentPostprocessing = 0;
			shellPath = /bin/sh;
			shellScript = "\"${PODS_ROOT}/Target Support Files/Pods-SBTUITestTunnel_TestsNoSwizzling/Pods-SBTUITestTunnel_TestsNoSwizzling-frameworks.sh\"\n";
			showEnvVarsInLog = 0;
		};
		F2B625485CD9D7A70CBFB320 /* [CP] Check Pods Manifest.lock */ = {
			isa = PBXShellScriptBuildPhase;
			buildActionMask = 2147483647;
			files = (
			);
			inputFileListPaths = (
			);
			inputPaths = (
				"${PODS_PODFILE_DIR_PATH}/Podfile.lock",
				"${PODS_ROOT}/Manifest.lock",
			);
			name = "[CP] Check Pods Manifest.lock";
			outputFileListPaths = (
			);
			outputPaths = (
				"$(DERIVED_FILE_DIR)/Pods-SBTUITestTunnel_Tests-checkManifestLockResult.txt",
			);
			runOnlyForDeploymentPostprocessing = 0;
			shellPath = /bin/sh;
			shellScript = "diff \"${PODS_PODFILE_DIR_PATH}/Podfile.lock\" \"${PODS_ROOT}/Manifest.lock\" > /dev/null\nif [ $? != 0 ] ; then\n    # print error to STDERR\n    echo \"error: The sandbox is not in sync with the Podfile.lock. Run 'pod install' or update your CocoaPods installation.\" >&2\n    exit 1\nfi\n# This output is used by Xcode 'outputs' to avoid re-running this script phase.\necho \"SUCCESS\" > \"${SCRIPT_OUTPUT_FILE_0}\"\n";
			showEnvVarsInLog = 0;
		};
/* End PBXShellScriptBuildPhase section */

/* Begin PBXSourcesBuildPhase section */
		6003F586195388D20070C39A /* Sources */ = {
			isa = PBXSourcesBuildPhase;
			buildActionMask = 2147483647;
			files = (
				6003F59E195388D20070C39A /* SBTAppDelegate.m in Sources */,
				C34A05AE22BC091100A0160B /* SBTExtensionTableViewController2.swift in Sources */,
				C3E3DFDC1D8BE45C003D6BB2 /* SBTNetworkTestViewController.swift in Sources */,
				6003F59A195388D20070C39A /* main.m in Sources */,
				C3E3DFC81D89F739003D6BB2 /* SBTTableViewController.swift in Sources */,
				C392784D241A860B00C47A81 /* SBTExtensionViewController4.swift in Sources */,
				C34A05B822BC211200A0160B /* SBTExtensionTableViewController1.swift in Sources */,
			);
			runOnlyForDeploymentPostprocessing = 0;
		};
		7E9AB19822AEE9DB001205E9 /* Sources */ = {
			isa = PBXSourcesBuildPhase;
			buildActionMask = 2147483647;
			files = (
				7E9AB1A722AEEA16001205E9 /* NoSwizzlingTests.swift in Sources */,
				C3763A092332505700C0FAF5 /* SBTUITestTunnelServer+Extension.swift in Sources */,
			);
			runOnlyForDeploymentPostprocessing = 0;
		};
		C39B79F41CB41C3A000C8B0D /* Sources */ = {
			isa = PBXSourcesBuildPhase;
			buildActionMask = 2147483647;
			files = (
				C3881A951FED847C00EB6579 /* DownloadUploadTests.swift in Sources */,
				C3881A961FED847C00EB6579 /* ThrottleTest.swift in Sources */,
				FC5F178223A8D2C2003BBCA1 /* UnusedStubsPeekAll.swift in Sources */,
				C3763A082332505700C0FAF5 /* SBTUITestTunnelServer+Extension.swift in Sources */,
				C3881A971FED847C00EB6579 /* MiscellaneousTests.swift in Sources */,
				C392784F241A86ED00C47A81 /* CoreLocationTests.swift in Sources */,
				C3881A931FED847C00EB6579 /* UserDefaultsTests.swift in Sources */,
				C3E3DFE01D8ECA9A003D6BB2 /* MonitorTests.swift in Sources */,
				C3881A941FED847C00EB6579 /* StubTests.swift in Sources */,
				C3C90490204938950096663F /* NetworkRequests.swift in Sources */,
				C30FD8E32029EED50054EA5C /* CookiesTest.swift in Sources */,
				C306920B204C9D5B00ACCCB0 /* RewriteTests.swift in Sources */,
				C3927851241A895500C47A81 /* XCTestCase+Extension.swift in Sources */,
				C37C522E1E225A64005FC27D /* MatchRequestTests.swift in Sources */,
			);
			runOnlyForDeploymentPostprocessing = 0;
		};
/* End PBXSourcesBuildPhase section */

/* Begin PBXTargetDependency section */
		7E9AB1A222AEE9DB001205E9 /* PBXTargetDependency */ = {
			isa = PBXTargetDependency;
			target = 6003F589195388D20070C39A /* SBTUITestTunnel_Example */;
			targetProxy = 7E9AB1A122AEE9DB001205E9 /* PBXContainerItemProxy */;
		};
		C39B79FE1CB41C3A000C8B0D /* PBXTargetDependency */ = {
			isa = PBXTargetDependency;
			target = 6003F589195388D20070C39A /* SBTUITestTunnel_Example */;
			targetProxy = C39B79FD1CB41C3A000C8B0D /* PBXContainerItemProxy */;
		};
/* End PBXTargetDependency section */

/* Begin PBXVariantGroup section */
		6003F596195388D20070C39A /* InfoPlist.strings */ = {
			isa = PBXVariantGroup;
			children = (
				6003F597195388D20070C39A /* en */,
			);
			name = InfoPlist.strings;
			sourceTree = "<group>";
		};
/* End PBXVariantGroup section */

/* Begin XCBuildConfiguration section */
		6003F5BD195388D20070C39A /* Debug */ = {
			isa = XCBuildConfiguration;
			buildSettings = {
				ALWAYS_SEARCH_USER_PATHS = NO;
				CLANG_ANALYZER_LOCALIZABILITY_NONLOCALIZED = YES;
				CLANG_CXX_LANGUAGE_STANDARD = "gnu++0x";
				CLANG_CXX_LIBRARY = "libc++";
				CLANG_ENABLE_MODULES = YES;
				CLANG_ENABLE_OBJC_ARC = YES;
				CLANG_WARN_BLOCK_CAPTURE_AUTORELEASING = YES;
				CLANG_WARN_BOOL_CONVERSION = YES;
				CLANG_WARN_COMMA = YES;
				CLANG_WARN_CONSTANT_CONVERSION = YES;
				CLANG_WARN_DEPRECATED_OBJC_IMPLEMENTATIONS = YES;
				CLANG_WARN_DIRECT_OBJC_ISA_USAGE = YES_ERROR;
				CLANG_WARN_EMPTY_BODY = YES;
				CLANG_WARN_ENUM_CONVERSION = YES;
				CLANG_WARN_INFINITE_RECURSION = YES;
				CLANG_WARN_INT_CONVERSION = YES;
				CLANG_WARN_NON_LITERAL_NULL_CONVERSION = YES;
				CLANG_WARN_OBJC_IMPLICIT_RETAIN_SELF = YES;
				CLANG_WARN_OBJC_LITERAL_CONVERSION = YES;
				CLANG_WARN_OBJC_ROOT_CLASS = YES_ERROR;
				CLANG_WARN_RANGE_LOOP_ANALYSIS = YES;
				CLANG_WARN_STRICT_PROTOTYPES = YES;
				CLANG_WARN_SUSPICIOUS_MOVE = YES;
				CLANG_WARN_UNREACHABLE_CODE = YES;
				CLANG_WARN__DUPLICATE_METHOD_MATCH = YES;
				COPY_PHASE_STRIP = NO;
				ENABLE_BITCODE = NO;
				ENABLE_STRICT_OBJC_MSGSEND = YES;
				ENABLE_TESTABILITY = YES;
				GCC_C_LANGUAGE_STANDARD = gnu99;
				GCC_DYNAMIC_NO_PIC = NO;
				GCC_NO_COMMON_BLOCKS = YES;
				GCC_OPTIMIZATION_LEVEL = 0;
				GCC_SYMBOLS_PRIVATE_EXTERN = NO;
				GCC_WARN_64_TO_32_BIT_CONVERSION = YES;
				GCC_WARN_ABOUT_RETURN_TYPE = YES_ERROR;
				GCC_WARN_UNDECLARED_SELECTOR = YES;
				GCC_WARN_UNINITIALIZED_AUTOS = YES_AGGRESSIVE;
				GCC_WARN_UNUSED_FUNCTION = YES;
				GCC_WARN_UNUSED_VARIABLE = YES;
				IPHONEOS_DEPLOYMENT_TARGET = 12.0;
				LD_RUNPATH_SEARCH_PATHS = "$(FRAMEWORK_SEARCH_PATHS)";
				ONLY_ACTIVE_ARCH = YES;
				SDKROOT = iphoneos;
				SWIFT_VERSION = 5.0;
				TARGETED_DEVICE_FAMILY = "1,2";
			};
			name = Debug;
		};
		6003F5BE195388D20070C39A /* Release */ = {
			isa = XCBuildConfiguration;
			buildSettings = {
				ALWAYS_SEARCH_USER_PATHS = NO;
				CLANG_ANALYZER_LOCALIZABILITY_NONLOCALIZED = YES;
				CLANG_CXX_LANGUAGE_STANDARD = "gnu++0x";
				CLANG_CXX_LIBRARY = "libc++";
				CLANG_ENABLE_MODULES = YES;
				CLANG_ENABLE_OBJC_ARC = YES;
				CLANG_WARN_BLOCK_CAPTURE_AUTORELEASING = YES;
				CLANG_WARN_BOOL_CONVERSION = YES;
				CLANG_WARN_COMMA = YES;
				CLANG_WARN_CONSTANT_CONVERSION = YES;
				CLANG_WARN_DEPRECATED_OBJC_IMPLEMENTATIONS = YES;
				CLANG_WARN_DIRECT_OBJC_ISA_USAGE = YES_ERROR;
				CLANG_WARN_EMPTY_BODY = YES;
				CLANG_WARN_ENUM_CONVERSION = YES;
				CLANG_WARN_INFINITE_RECURSION = YES;
				CLANG_WARN_INT_CONVERSION = YES;
				CLANG_WARN_NON_LITERAL_NULL_CONVERSION = YES;
				CLANG_WARN_OBJC_IMPLICIT_RETAIN_SELF = YES;
				CLANG_WARN_OBJC_LITERAL_CONVERSION = YES;
				CLANG_WARN_OBJC_ROOT_CLASS = YES_ERROR;
				CLANG_WARN_RANGE_LOOP_ANALYSIS = YES;
				CLANG_WARN_STRICT_PROTOTYPES = YES;
				CLANG_WARN_SUSPICIOUS_MOVE = YES;
				CLANG_WARN_UNREACHABLE_CODE = YES;
				CLANG_WARN__DUPLICATE_METHOD_MATCH = YES;
				COPY_PHASE_STRIP = YES;
				ENABLE_BITCODE = NO;
				ENABLE_NS_ASSERTIONS = NO;
				ENABLE_STRICT_OBJC_MSGSEND = YES;
				GCC_C_LANGUAGE_STANDARD = gnu99;
				GCC_NO_COMMON_BLOCKS = YES;
				GCC_WARN_64_TO_32_BIT_CONVERSION = YES;
				GCC_WARN_ABOUT_RETURN_TYPE = YES_ERROR;
				GCC_WARN_UNDECLARED_SELECTOR = YES;
				GCC_WARN_UNINITIALIZED_AUTOS = YES_AGGRESSIVE;
				GCC_WARN_UNUSED_FUNCTION = YES;
				GCC_WARN_UNUSED_VARIABLE = YES;
				IPHONEOS_DEPLOYMENT_TARGET = 12.0;
				LD_RUNPATH_SEARCH_PATHS = "$(FRAMEWORK_SEARCH_PATHS)";
				SDKROOT = iphoneos;
				SWIFT_OPTIMIZATION_LEVEL = "-Owholemodule";
				SWIFT_VERSION = 5.0;
				TARGETED_DEVICE_FAMILY = "1,2";
				VALIDATE_PRODUCT = YES;
			};
			name = Release;
		};
		6003F5C0195388D20070C39A /* Debug */ = {
			isa = XCBuildConfiguration;
			baseConfigurationReference = F046B080A302E8D95E10A6A3 /* Pods-SBTUITestTunnel_Example.debug.xcconfig */;
			buildSettings = {
				ASSETCATALOG_COMPILER_APPICON_NAME = AppIcon;
				ASSETCATALOG_COMPILER_LAUNCHIMAGE_NAME = LaunchImage;
				CLANG_ENABLE_MODULES = YES;
				CODE_SIGN_ENTITLEMENTS = SBTUITestTunnel_Example.entitlements;
				CODE_SIGN_IDENTITY = "iPhone Developer";
				DEVELOPMENT_TEAM = F93T2PM4GE;
				GCC_PRECOMPILE_PREFIX_HEADER = YES;
				GCC_PREFIX_HEADER = "SBTUITestTunnel/SBTUITestTunnel-Prefix.pch";
				GCC_PREPROCESSOR_DEFINITIONS = (
					"$(inherited)",
					"COCOAPODS=1",
					"DEBUG=1",
				);
				INFOPLIST_FILE = "SBTUITestTunnel/SBTUITestTunnel-Info.plist";
				LD_RUNPATH_SEARCH_PATHS = "$(inherited) @executable_path/Frameworks";
				MODULE_NAME = ExampleApp;
				PRODUCT_BUNDLE_IDENTIFIER = "com.tomascamin.${PRODUCT_NAME:rfc1034identifier}";
				PRODUCT_NAME = "$(TARGET_NAME)";
				SWIFT_OBJC_BRIDGING_HEADER = "SBTUITestTunnel/SBTUITestTunnel_Example-Bridging-Header.h";
				SWIFT_OPTIMIZATION_LEVEL = "-Onone";
				WRAPPER_EXTENSION = app;
			};
			name = Debug;
		};
		6003F5C1195388D20070C39A /* Release */ = {
			isa = XCBuildConfiguration;
			baseConfigurationReference = 94E5E4A032C11D5264DDF57C /* Pods-SBTUITestTunnel_Example.release.xcconfig */;
			buildSettings = {
				ASSETCATALOG_COMPILER_APPICON_NAME = AppIcon;
				ASSETCATALOG_COMPILER_LAUNCHIMAGE_NAME = LaunchImage;
				CLANG_ENABLE_MODULES = YES;
				CODE_SIGN_ENTITLEMENTS = SBTUITestTunnel_Example.entitlements;
				CODE_SIGN_IDENTITY = "iPhone Developer";
				DEVELOPMENT_TEAM = F93T2PM4GE;
				GCC_PRECOMPILE_PREFIX_HEADER = YES;
				GCC_PREFIX_HEADER = "SBTUITestTunnel/SBTUITestTunnel-Prefix.pch";
				INFOPLIST_FILE = "SBTUITestTunnel/SBTUITestTunnel-Info.plist";
				LD_RUNPATH_SEARCH_PATHS = "$(inherited) @executable_path/Frameworks";
				MODULE_NAME = ExampleApp;
				OTHER_LDFLAGS = (
					"$(inherited)",
					"-ObjC",
					"-l\"z\"",
					"-framework",
					"\"CFNetwork\"",
					"-framework",
					"\"MobileCoreServices\"",
				);
				PRODUCT_BUNDLE_IDENTIFIER = "com.tomascamin.${PRODUCT_NAME:rfc1034identifier}";
				PRODUCT_NAME = "$(TARGET_NAME)";
				SWIFT_OBJC_BRIDGING_HEADER = "SBTUITestTunnel/SBTUITestTunnel_Example-Bridging-Header.h";
				WRAPPER_EXTENSION = app;
			};
			name = Release;
		};
		7E9AB1A422AEE9DB001205E9 /* Debug */ = {
			isa = XCBuildConfiguration;
			baseConfigurationReference = 60FE0F8F748DBCE309D9213F /* Pods-SBTUITestTunnel_TestsNoSwizzling.debug.xcconfig */;
			buildSettings = {
				CLANG_ANALYZER_NONNULL = YES;
				CLANG_ANALYZER_NUMBER_OBJECT_CONVERSION = YES_AGGRESSIVE;
				CLANG_CXX_LANGUAGE_STANDARD = "gnu++14";
				CLANG_ENABLE_MODULES = YES;
				CLANG_ENABLE_OBJC_WEAK = YES;
				CLANG_WARN_DOCUMENTATION_COMMENTS = YES;
				CLANG_WARN_UNGUARDED_AVAILABILITY = YES_AGGRESSIVE;
				CODE_SIGN_IDENTITY = "iPhone Developer";
				CODE_SIGN_STYLE = Automatic;
				DEBUG_INFORMATION_FORMAT = dwarf;
				DEVELOPMENT_TEAM = "";
				GCC_C_LANGUAGE_STANDARD = gnu11;
				GCC_PREPROCESSOR_DEFINITIONS = (
					"$(inherited)",
					"COCOAPODS=1",
					"DEBUG=1",
					"ENABLE_UITUNNEL_SWIZZLING=0",
				);
				INFOPLIST_FILE = SBTUITestTunnel_TestsNoSwizzling/Info.plist;
				IPHONEOS_DEPLOYMENT_TARGET = 12.2;
				LD_RUNPATH_SEARCH_PATHS = "$(inherited) @executable_path/Frameworks @loader_path/Frameworks";
				MTL_ENABLE_DEBUG_INFO = INCLUDE_SOURCE;
				MTL_FAST_MATH = YES;
				PRODUCT_BUNDLE_IDENTIFIER = "com.notonthehighstreet.SBTUITestTunnel-TestsNoSwizzling";
				PRODUCT_NAME = "$(TARGET_NAME)";
				SWIFT_OPTIMIZATION_LEVEL = "-Onone";
				SWIFT_VERSION = 5.0;
				TARGETED_DEVICE_FAMILY = "1,2";
				TEST_TARGET_NAME = SBTUITestTunnel_Example;
			};
			name = Debug;
		};
		7E9AB1A522AEE9DB001205E9 /* Release */ = {
			isa = XCBuildConfiguration;
			baseConfigurationReference = D6B57212CE974BEDA68858F5 /* Pods-SBTUITestTunnel_TestsNoSwizzling.release.xcconfig */;
			buildSettings = {
				CLANG_ANALYZER_NONNULL = YES;
				CLANG_ANALYZER_NUMBER_OBJECT_CONVERSION = YES_AGGRESSIVE;
				CLANG_CXX_LANGUAGE_STANDARD = "gnu++14";
				CLANG_ENABLE_MODULES = YES;
				CLANG_ENABLE_OBJC_WEAK = YES;
				CLANG_WARN_DOCUMENTATION_COMMENTS = YES;
				CLANG_WARN_UNGUARDED_AVAILABILITY = YES_AGGRESSIVE;
				CODE_SIGN_IDENTITY = "iPhone Developer";
				CODE_SIGN_STYLE = Automatic;
				COPY_PHASE_STRIP = NO;
				DEBUG_INFORMATION_FORMAT = "dwarf-with-dsym";
				DEVELOPMENT_TEAM = "";
				GCC_C_LANGUAGE_STANDARD = gnu11;
				INFOPLIST_FILE = SBTUITestTunnel_TestsNoSwizzling/Info.plist;
				IPHONEOS_DEPLOYMENT_TARGET = 12.2;
				LD_RUNPATH_SEARCH_PATHS = "$(inherited) @executable_path/Frameworks @loader_path/Frameworks";
				MTL_ENABLE_DEBUG_INFO = NO;
				MTL_FAST_MATH = YES;
				PRODUCT_BUNDLE_IDENTIFIER = "com.notonthehighstreet.SBTUITestTunnel-TestsNoSwizzling";
				PRODUCT_NAME = "$(TARGET_NAME)";
				SWIFT_VERSION = 5.0;
				TARGETED_DEVICE_FAMILY = "1,2";
				TEST_TARGET_NAME = SBTUITestTunnel_Example;
			};
			name = Release;
		};
		C39B7A001CB41C3A000C8B0D /* Debug */ = {
			isa = XCBuildConfiguration;
			baseConfigurationReference = B61E63F60E3FC42B319BC71B /* Pods-SBTUITestTunnel_Tests.debug.xcconfig */;
			buildSettings = {
				ALWAYS_EMBED_SWIFT_STANDARD_LIBRARIES = YES;
				CLANG_ANALYZER_NONNULL = YES;
				CLANG_WARN_UNREACHABLE_CODE = YES;
				CODE_SIGN_IDENTITY = "iPhone Developer";
				CODE_SIGN_STYLE = Automatic;
				DEBUG_INFORMATION_FORMAT = dwarf;
				DEVELOPMENT_TEAM = "";
				ENABLE_STRICT_OBJC_MSGSEND = YES;
				GCC_NO_COMMON_BLOCKS = YES;
				GCC_PREPROCESSOR_DEFINITIONS = (
					"$(inherited)",
					"COCOAPODS=1",
					"DEBUG=1",
				);
				GCC_WARN_UNUSED_PARAMETER = YES;
				INFOPLIST_FILE = SBTUITestTunnel_Tests/Info.plist;
				LD_RUNPATH_SEARCH_PATHS = "$(inherited) @executable_path/Frameworks @loader_path/Frameworks";
				MTL_ENABLE_DEBUG_INFO = YES;
				PRODUCT_BUNDLE_IDENTIFIER = "com.subito.SBTUITestTunnel-Tests";
				PRODUCT_NAME = "$(TARGET_NAME)";
				PROVISIONING_PROFILE_SPECIFIER = "";
				SWIFT_OPTIMIZATION_LEVEL = "-Onone";
				TEST_TARGET_NAME = SBTUITestTunnel_Example;
			};
			name = Debug;
		};
		C39B7A011CB41C3A000C8B0D /* Release */ = {
			isa = XCBuildConfiguration;
			baseConfigurationReference = 0E800C4E60D8C459D0998E1C /* Pods-SBTUITestTunnel_Tests.release.xcconfig */;
			buildSettings = {
				ALWAYS_EMBED_SWIFT_STANDARD_LIBRARIES = YES;
				CLANG_ANALYZER_NONNULL = YES;
				CLANG_WARN_UNREACHABLE_CODE = YES;
				CODE_SIGN_IDENTITY = "iPhone Developer";
				CODE_SIGN_STYLE = Automatic;
				COPY_PHASE_STRIP = NO;
				DEBUG_INFORMATION_FORMAT = "dwarf-with-dsym";
				DEVELOPMENT_TEAM = "";
				ENABLE_STRICT_OBJC_MSGSEND = YES;
				GCC_NO_COMMON_BLOCKS = YES;
				GCC_WARN_UNUSED_PARAMETER = YES;
				INFOPLIST_FILE = SBTUITestTunnel_Tests/Info.plist;
				LD_RUNPATH_SEARCH_PATHS = "$(inherited) @executable_path/Frameworks @loader_path/Frameworks";
				MTL_ENABLE_DEBUG_INFO = NO;
				PRODUCT_BUNDLE_IDENTIFIER = "com.subito.SBTUITestTunnel-Tests";
				PRODUCT_NAME = "$(TARGET_NAME)";
				PROVISIONING_PROFILE_SPECIFIER = "";
				SWIFT_OPTIMIZATION_LEVEL = "-Owholemodule";
				TEST_TARGET_NAME = SBTUITestTunnel_Example;
			};
			name = Release;
		};
/* End XCBuildConfiguration section */

/* Begin XCConfigurationList section */
		6003F585195388D10070C39A /* Build configuration list for PBXProject "SBTUITestTunnel" */ = {
			isa = XCConfigurationList;
			buildConfigurations = (
				6003F5BD195388D20070C39A /* Debug */,
				6003F5BE195388D20070C39A /* Release */,
			);
			defaultConfigurationIsVisible = 0;
			defaultConfigurationName = Release;
		};
		6003F5BF195388D20070C39A /* Build configuration list for PBXNativeTarget "SBTUITestTunnel_Example" */ = {
			isa = XCConfigurationList;
			buildConfigurations = (
				6003F5C0195388D20070C39A /* Debug */,
				6003F5C1195388D20070C39A /* Release */,
			);
			defaultConfigurationIsVisible = 0;
			defaultConfigurationName = Release;
		};
		7E9AB1A322AEE9DB001205E9 /* Build configuration list for PBXNativeTarget "SBTUITestTunnel_TestsNoSwizzling" */ = {
			isa = XCConfigurationList;
			buildConfigurations = (
				7E9AB1A422AEE9DB001205E9 /* Debug */,
				7E9AB1A522AEE9DB001205E9 /* Release */,
			);
			defaultConfigurationIsVisible = 0;
			defaultConfigurationName = Release;
		};
		C39B79FF1CB41C3A000C8B0D /* Build configuration list for PBXNativeTarget "SBTUITestTunnel_Tests" */ = {
			isa = XCConfigurationList;
			buildConfigurations = (
				C39B7A001CB41C3A000C8B0D /* Debug */,
				C39B7A011CB41C3A000C8B0D /* Release */,
			);
			defaultConfigurationIsVisible = 0;
			defaultConfigurationName = Release;
		};
/* End XCConfigurationList section */
	};
	rootObject = 6003F582195388D10070C39A /* Project object */;
}
